
Microsoft Visual Studio Solution File, Format Version 12.00
# Visual Studio Version 16
VisualStudioVersion = 16.0.29519.87
MinimumVisualStudioVersion = 10.0.40219.1
Project("{FAE04EC0-301F-11D3-BF4B-00C04F79EFBC}") = "MyXiaoDaiSys.MVC", "MyXiaoDaiSys.MVC\MyXiaoDaiSys.MVC.csproj", "{CABCD5ED-C104-4313-B581-074543265F98}"
EndProject
Global
	GlobalSection(SolutionConfigurationPlatforms) = preSolution
		Debug|Any CPU = Debug|Any CPU
		Release|Any CPU = Release|Any CPU
	EndGlobalSection
	GlobalSection(ProjectConfigurationPlatforms) = postSolution
		{CABCD5ED-C104-4313-B581-074543265F98}.Debug|Any CPU.ActiveCfg = Debug|Any CPU
		{CABCD5ED-C104-4313-B581-074543265F98}.Debug|Any CPU.Build.0 = Debug|Any CPU
		{CABCD5ED-C104-4313-B581-074543265F98}.Release|Any CPU.ActiveCfg = Release|Any CPU
		{CABCD5ED-C104-4313-B581-074543265F98}.Release|Any CPU.Build.0 = Release|Any CPU
	EndGlobalSection
	GlobalSection(SolutionProperties) = preSolution
		HideSolutionNode = FALSE
	EndGlobalSection
	GlobalSection(ExtensibilityGlobals) = postSolution
		SolutionGuid = {85723A76-FFD9-4F77-8803-73A5D92E6927}
	EndGlobalSection
EndGlobal
